
Microsoft Visual Studio Solution File, Format Version 12.00
Project("{FAE04EC0-301F-11D3-BF4B-00C04F79EFBC}") = "Backend", "Backend\Backend.csproj", "{AEF317B2-B0C0-4290-9E60-9A8F2AC64DD7}"
EndProject
Project("{FAE04EC0-301F-11D3-BF4B-00C04F79EFBC}") = "Covid19.Business", "Covid19.Business\Covid19.Business.csproj", "{2935D153-A08D-4219-9550-666D9FA51C06}"
EndProject
Global
	GlobalSection(SolutionConfigurationPlatforms) = preSolution
		Debug|Any CPU = Debug|Any CPU
		Release|Any CPU = Release|Any CPU
	EndGlobalSection
	GlobalSection(ProjectConfigurationPlatforms) = postSolution
		{AEF317B2-B0C0-4290-9E60-9A8F2AC64DD7}.Debug|Any CPU.ActiveCfg = Debug|Any CPU
		{AEF317B2-B0C0-4290-9E60-9A8F2AC64DD7}.Debug|Any CPU.Build.0 = Debug|Any CPU
		{AEF317B2-B0C0-4290-9E60-9A8F2AC64DD7}.Release|Any CPU.ActiveCfg = Release|Any CPU
		{AEF317B2-B0C0-4290-9E60-9A8F2AC64DD7}.Release|Any CPU.Build.0 = Release|Any CPU
		{2935D153-A08D-4219-9550-666D9FA51C06}.Debug|Any CPU.ActiveCfg = Debug|Any CPU
		{2935D153-A08D-4219-9550-666D9FA51C06}.Debug|Any CPU.Build.0 = Debug|Any CPU
		{2935D153-A08D-4219-9550-666D9FA51C06}.Release|Any CPU.ActiveCfg = Release|Any CPU
		{2935D153-A08D-4219-9550-666D9FA51C06}.Release|Any CPU.Build.0 = Release|Any CPU
	EndGlobalSection
EndGlobal
